// !$*UTF8*$!
{
	archiveVersion = 1;
	classes = {
	};
	objectVersion = 50;
	objects = {

/* Begin PBXBuildFile section */
		A3EFDDF722D6CC2A008B3AED /* AppDelegate.swift in Sources */ = {isa = PBXBuildFile; fileRef = A3EFDDF622D6CC2A008B3AED /* AppDelegate.swift */; };
		A3EFDDFC22D6CC2A008B3AED /* Main.storyboard in Resources */ = {isa = PBXBuildFile; fileRef = A3EFDDFA22D6CC2A008B3AED /* Main.storyboard */; };
		A3EFDDFE22D6CC2C008B3AED /* Assets.xcassets in Resources */ = {isa = PBXBuildFile; fileRef = A3EFDDFD22D6CC2C008B3AED /* Assets.xcassets */; };
		A3EFDE0122D6CC2C008B3AED /* LaunchScreen.storyboard in Resources */ = {isa = PBXBuildFile; fileRef = A3EFDDFF22D6CC2C008B3AED /* LaunchScreen.storyboard */; };
		A3EFDE0922D6CD67008B3AED /* EntriesTableViewController.swift in Sources */ = {isa = PBXBuildFile; fileRef = A3EFDE0822D6CD67008B3AED /* EntriesTableViewController.swift */; };
		A3EFDE0B22D6CD91008B3AED /* EntryTableViewCell.swift in Sources */ = {isa = PBXBuildFile; fileRef = A3EFDE0A22D6CD91008B3AED /* EntryTableViewCell.swift */; };
		A3EFDE0D22D6CDB7008B3AED /* EntryDetailViewController.swift in Sources */ = {isa = PBXBuildFile; fileRef = A3EFDE0C22D6CDB7008B3AED /* EntryDetailViewController.swift */; };
		A3EFDE0F22D6D11D008B3AED /* CoreDataStack.swift in Sources */ = {isa = PBXBuildFile; fileRef = A3EFDE0E22D6D11D008B3AED /* CoreDataStack.swift */; };
		A3EFDE1522D6D1CF008B3AED /* Entry.xcdatamodeld in Sources */ = {isa = PBXBuildFile; fileRef = A3EFDE1322D6D1CF008B3AED /* Entry.xcdatamodeld */; };
		A3EFDE1722D6D2B2008B3AED /* Entry+Convenience.swift in Sources */ = {isa = PBXBuildFile; fileRef = A3EFDE1622D6D2B2008B3AED /* Entry+Convenience.swift */; };
		A3EFDE1922D6D584008B3AED /* EntryController.swift in Sources */ = {isa = PBXBuildFile; fileRef = A3EFDE1822D6D584008B3AED /* EntryController.swift */; };
/* End PBXBuildFile section */

/* Begin PBXFileReference section */
		A3EFDDF322D6CC2A008B3AED /* Journal.app */ = {isa = PBXFileReference; explicitFileType = wrapper.application; includeInIndex = 0; path = Journal.app; sourceTree = BUILT_PRODUCTS_DIR; };
		A3EFDDF622D6CC2A008B3AED /* AppDelegate.swift */ = {isa = PBXFileReference; lastKnownFileType = sourcecode.swift; path = AppDelegate.swift; sourceTree = "<group>"; };
		A3EFDDFB22D6CC2A008B3AED /* Base */ = {isa = PBXFileReference; lastKnownFileType = file.storyboard; name = Base; path = Base.lproj/Main.storyboard; sourceTree = "<group>"; };
		A3EFDDFD22D6CC2C008B3AED /* Assets.xcassets */ = {isa = PBXFileReference; lastKnownFileType = folder.assetcatalog; path = Assets.xcassets; sourceTree = "<group>"; };
		A3EFDE0022D6CC2C008B3AED /* Base */ = {isa = PBXFileReference; lastKnownFileType = file.storyboard; name = Base; path = Base.lproj/LaunchScreen.storyboard; sourceTree = "<group>"; };
		A3EFDE0222D6CC2C008B3AED /* Info.plist */ = {isa = PBXFileReference; lastKnownFileType = text.plist.xml; path = Info.plist; sourceTree = "<group>"; };
		A3EFDE0822D6CD67008B3AED /* EntriesTableViewController.swift */ = {isa = PBXFileReference; lastKnownFileType = sourcecode.swift; path = EntriesTableViewController.swift; sourceTree = "<group>"; };
		A3EFDE0A22D6CD91008B3AED /* EntryTableViewCell.swift */ = {isa = PBXFileReference; lastKnownFileType = sourcecode.swift; path = EntryTableViewCell.swift; sourceTree = "<group>"; };
		A3EFDE0C22D6CDB7008B3AED /* EntryDetailViewController.swift */ = {isa = PBXFileReference; lastKnownFileType = sourcecode.swift; path = EntryDetailViewController.swift; sourceTree = "<group>"; };
		A3EFDE0E22D6D11D008B3AED /* CoreDataStack.swift */ = {isa = PBXFileReference; lastKnownFileType = sourcecode.swift; path = CoreDataStack.swift; sourceTree = "<group>"; };
		A3EFDE1422D6D1CF008B3AED /* Entry.xcdatamodel */ = {isa = PBXFileReference; lastKnownFileType = wrapper.xcdatamodel; path = Entry.xcdatamodel; sourceTree = "<group>"; };
		A3EFDE1622D6D2B2008B3AED /* Entry+Convenience.swift */ = {isa = PBXFileReference; lastKnownFileType = sourcecode.swift; path = "Entry+Convenience.swift"; sourceTree = "<group>"; };
		A3EFDE1822D6D584008B3AED /* EntryController.swift */ = {isa = PBXFileReference; lastKnownFileType = sourcecode.swift; path = EntryController.swift; sourceTree = "<group>"; };
		A3EFDE1C22DC0F62008B3AED /* Entry 2.xcdatamodel */ = {isa = PBXFileReference; lastKnownFileType = wrapper.xcdatamodel; path = "Entry 2.xcdatamodel"; sourceTree = "<group>"; };
/* End PBXFileReference section */

/* Begin PBXFrameworksBuildPhase section */
		A3EFDDF022D6CC2A008B3AED /* Frameworks */ = {
			isa = PBXFrameworksBuildPhase;
			buildActionMask = 2147483647;
			files = (
			);
			runOnlyForDeploymentPostprocessing = 0;
		};
/* End PBXFrameworksBuildPhase section */

/* Begin PBXGroup section */
		A3EFDDEA22D6CC2A008B3AED = {
			isa = PBXGroup;
			children = (
				A3EFDDF522D6CC2A008B3AED /* Journal */,
				A3EFDDF422D6CC2A008B3AED /* Products */,
			);
			sourceTree = "<group>";
		};
		A3EFDDF422D6CC2A008B3AED /* Products */ = {
			isa = PBXGroup;
			children = (
				A3EFDDF322D6CC2A008B3AED /* Journal.app */,
			);
			name = Products;
			sourceTree = "<group>";
		};
		A3EFDDF522D6CC2A008B3AED /* Journal */ = {
			isa = PBXGroup;
			children = (
				A3EFDE1022D6D127008B3AED /* Models */,
				A3EFDE1122D6D134008B3AED /* View Controllers */,
				A3EFDE1222D6D156008B3AED /* Resources */,
			);
			path = Journal;
			sourceTree = "<group>";
		};
		A3EFDE1022D6D127008B3AED /* Models */ = {
			isa = PBXGroup;
			children = (
				A3EFDE0E22D6D11D008B3AED /* CoreDataStack.swift */,
				A3EFDE1322D6D1CF008B3AED /* Entry.xcdatamodeld */,
				A3EFDE1622D6D2B2008B3AED /* Entry+Convenience.swift */,
				A3EFDE1822D6D584008B3AED /* EntryController.swift */,
			);
			path = Models;
			sourceTree = "<group>";
		};
		A3EFDE1122D6D134008B3AED /* View Controllers */ = {
			isa = PBXGroup;
			children = (
				A3EFDE0822D6CD67008B3AED /* EntriesTableViewController.swift */,
				A3EFDE0A22D6CD91008B3AED /* EntryTableViewCell.swift */,
				A3EFDE0C22D6CDB7008B3AED /* EntryDetailViewController.swift */,
			);
			path = "View Controllers";
			sourceTree = "<group>";
		};
		A3EFDE1222D6D156008B3AED /* Resources */ = {
			isa = PBXGroup;
			children = (
				A3EFDDF622D6CC2A008B3AED /* AppDelegate.swift */,
				A3EFDDFA22D6CC2A008B3AED /* Main.storyboard */,
				A3EFDDFD22D6CC2C008B3AED /* Assets.xcassets */,
				A3EFDDFF22D6CC2C008B3AED /* LaunchScreen.storyboard */,
				A3EFDE0222D6CC2C008B3AED /* Info.plist */,
			);
			path = Resources;
			sourceTree = "<group>";
		};
/* End PBXGroup section */

/* Begin PBXNativeTarget section */
		A3EFDDF222D6CC2A008B3AED /* Journal */ = {
			isa = PBXNativeTarget;
			buildConfigurationList = A3EFDE0522D6CC2C008B3AED /* Build configuration list for PBXNativeTarget "Journal" */;
			buildPhases = (
				A3EFDDEF22D6CC2A008B3AED /* Sources */,
				A3EFDDF022D6CC2A008B3AED /* Frameworks */,
				A3EFDDF122D6CC2A008B3AED /* Resources */,
			);
			buildRules = (
			);
			dependencies = (
			);
			name = Journal;
			productName = Journal;
			productReference = A3EFDDF322D6CC2A008B3AED /* Journal.app */;
			productType = "com.apple.product-type.application";
		};
/* End PBXNativeTarget section */

/* Begin PBXProject section */
		A3EFDDEB22D6CC2A008B3AED /* Project object */ = {
			isa = PBXProject;
			attributes = {
				LastSwiftUpdateCheck = 1010;
				LastUpgradeCheck = 1010;
				ORGANIZATIONNAME = "Stephanie Bowles";
				TargetAttributes = {
					A3EFDDF222D6CC2A008B3AED = {
						CreatedOnToolsVersion = 10.1;
					};
				};
			};
			buildConfigurationList = A3EFDDEE22D6CC2A008B3AED /* Build configuration list for PBXProject "Journal" */;
			compatibilityVersion = "Xcode 9.3";
			developmentRegion = en;
			hasScannedForEncodings = 0;
			knownRegions = (
				en,
				Base,
			);
			mainGroup = A3EFDDEA22D6CC2A008B3AED;
			productRefGroup = A3EFDDF422D6CC2A008B3AED /* Products */;
			projectDirPath = "";
			projectRoot = "";
			targets = (
				A3EFDDF222D6CC2A008B3AED /* Journal */,
			);
		};
/* End PBXProject section */

/* Begin PBXResourcesBuildPhase section */
		A3EFDDF122D6CC2A008B3AED /* Resources */ = {
			isa = PBXResourcesBuildPhase;
			buildActionMask = 2147483647;
			files = (
				A3EFDE0122D6CC2C008B3AED /* LaunchScreen.storyboard in Resources */,
				A3EFDDFE22D6CC2C008B3AED /* Assets.xcassets in Resources */,
				A3EFDDFC22D6CC2A008B3AED /* Main.storyboard in Resources */,
			);
			runOnlyForDeploymentPostprocessing = 0;
		};
/* End PBXResourcesBuildPhase section */

/* Begin PBXSourcesBuildPhase section */
		A3EFDDEF22D6CC2A008B3AED /* Sources */ = {
			isa = PBXSourcesBuildPhase;
			buildActionMask = 2147483647;
			files = (
				A3EFDE1522D6D1CF008B3AED /* Entry.xcdatamodeld in Sources */,
				A3EFDE0B22D6CD91008B3AED /* EntryTableViewCell.swift in Sources */,
				A3EFDE0922D6CD67008B3AED /* EntriesTableViewController.swift in Sources */,
				A3EFDE0F22D6D11D008B3AED /* CoreDataStack.swift in Sources */,
				A3EFDE0D22D6CDB7008B3AED /* EntryDetailViewController.swift in Sources */,
				A3EFDDF722D6CC2A008B3AED /* AppDelegate.swift in Sources */,
				A3EFDE1922D6D584008B3AED /* EntryController.swift in Sources */,
				A3EFDE1722D6D2B2008B3AED /* Entry+Convenience.swift in Sources */,
			);
			runOnlyForDeploymentPostprocessing = 0;
		};
/* End PBXSourcesBuildPhase section */

/* Begin PBXVariantGroup section */
		A3EFDDFA22D6CC2A008B3AED /* Main.storyboard */ = {
			isa = PBXVariantGroup;
			children = (
				A3EFDDFB22D6CC2A008B3AED /* Base */,
			);
			name = Main.storyboard;
			sourceTree = "<group>";
		};
		A3EFDDFF22D6CC2C008B3AED /* LaunchScreen.storyboard */ = {
			isa = PBXVariantGroup;
			children = (
				A3EFDE0022D6CC2C008B3AED /* Base */,
			);
			name = LaunchScreen.storyboard;
			sourceTree = "<group>";
		};
/* End PBXVariantGroup section */

/* Begin XCBuildConfiguration section */
		A3EFDE0322D6CC2C008B3AED /* Debug */ = {
			isa = XCBuildConfiguration;
			buildSettings = {
				ALWAYS_SEARCH_USER_PATHS = NO;
				CLANG_ANALYZER_NONNULL = YES;
				CLANG_ANALYZER_NUMBER_OBJECT_CONVERSION = YES_AGGRESSIVE;
				CLANG_CXX_LANGUAGE_STANDARD = "gnu++14";
				CLANG_CXX_LIBRARY = "libc++";
				CLANG_ENABLE_MODULES = YES;
				CLANG_ENABLE_OBJC_ARC = YES;
				CLANG_ENABLE_OBJC_WEAK = YES;
				CLANG_WARN_BLOCK_CAPTURE_AUTORELEASING = YES;
				CLANG_WARN_BOOL_CONVERSION = YES;
				CLANG_WARN_COMMA = YES;
				CLANG_WARN_CONSTANT_CONVERSION = YES;
				CLANG_WARN_DEPRECATED_OBJC_IMPLEMENTATIONS = YES;
				CLANG_WARN_DIRECT_OBJC_ISA_USAGE = YES_ERROR;
				CLANG_WARN_DOCUMENTATION_COMMENTS = YES;
				CLANG_WARN_EMPTY_BODY = YES;
				CLANG_WARN_ENUM_CONVERSION = YES;
				CLANG_WARN_INFINITE_RECURSION = YES;
				CLANG_WARN_INT_CONVERSION = YES;
				CLANG_WARN_NON_LITERAL_NULL_CONVERSION = YES;
				CLANG_WARN_OBJC_IMPLICIT_RETAIN_SELF = YES;
				CLANG_WARN_OBJC_LITERAL_CONVERSION = YES;
				CLANG_WARN_OBJC_ROOT_CLASS = YES_ERROR;
				CLANG_WARN_RANGE_LOOP_ANALYSIS = YES;
				CLANG_WARN_STRICT_PROTOTYPES = YES;
				CLANG_WARN_SUSPICIOUS_MOVE = YES;
				CLANG_WARN_UNGUARDED_AVAILABILITY = YES_AGGRESSIVE;
				CLANG_WARN_UNREACHABLE_CODE = YES;
				CLANG_WARN__DUPLICATE_METHOD_MATCH = YES;
				CODE_SIGN_IDENTITY = "iPhone Developer";
				COPY_PHASE_STRIP = NO;
				DEBUG_INFORMATION_FORMAT = dwarf;
				ENABLE_STRICT_OBJC_MSGSEND = YES;
				ENABLE_TESTABILITY = YES;
				GCC_C_LANGUAGE_STANDARD = gnu11;
				GCC_DYNAMIC_NO_PIC = NO;
				GCC_NO_COMMON_BLOCKS = YES;
				GCC_OPTIMIZATION_LEVEL = 0;
				GCC_PREPROCESSOR_DEFINITIONS = (
					"DEBUG=1",
					"$(inherited)",
				);
				GCC_WARN_64_TO_32_BIT_CONVERSION = YES;
				GCC_WARN_ABOUT_RETURN_TYPE = YES_ERROR;
				GCC_WARN_UNDECLARED_SELECTOR = YES;
				GCC_WARN_UNINITIALIZED_AUTOS = YES_AGGRESSIVE;
				GCC_WARN_UNUSED_FUNCTION = YES;
				GCC_WARN_UNUSED_VARIABLE = YES;
				IPHONEOS_DEPLOYMENT_TARGET = 12.1;
				MTL_ENABLE_DEBUG_INFO = INCLUDE_SOURCE;
				MTL_FAST_MATH = YES;
				ONLY_ACTIVE_ARCH = YES;
				SDKROOT = iphoneos;
				SWIFT_ACTIVE_COMPILATION_CONDITIONS = DEBUG;
				SWIFT_OPTIMIZATION_LEVEL = "-Onone";
			};
			name = Debug;
		};
		A3EFDE0422D6CC2C008B3AED /* Release */ = {
			isa = XCBuildConfiguration;
			buildSettings = {
				ALWAYS_SEARCH_USER_PATHS = NO;
				CLANG_ANALYZER_NONNULL = YES;
				CLANG_ANALYZER_NUMBER_OBJECT_CONVERSION = YES_AGGRESSIVE;
				CLANG_CXX_LANGUAGE_STANDARD = "gnu++14";
				CLANG_CXX_LIBRARY = "libc++";
				CLANG_ENABLE_MODULES = YES;
				CLANG_ENABLE_OBJC_ARC = YES;
				CLANG_ENABLE_OBJC_WEAK = YES;
				CLANG_WARN_BLOCK_CAPTURE_AUTORELEASING = YES;
				CLANG_WARN_BOOL_CONVERSION = YES;
				CLANG_WARN_COMMA = YES;
				CLANG_WARN_CONSTANT_CONVERSION = YES;
				CLANG_WARN_DEPRECATED_OBJC_IMPLEMENTATIONS = YES;
				CLANG_WARN_DIRECT_OBJC_ISA_USAGE = YES_ERROR;
				CLANG_WARN_DOCUMENTATION_COMMENTS = YES;
				CLANG_WARN_EMPTY_BODY = YES;
				CLANG_WARN_ENUM_CONVERSION = YES;
				CLANG_WARN_INFINITE_RECURSION = YES;
				CLANG_WARN_INT_CONVERSION = YES;
				CLANG_WARN_NON_LITERAL_NULL_CONVERSION = YES;
				CLANG_WARN_OBJC_IMPLICIT_RETAIN_SELF = YES;
				CLANG_WARN_OBJC_LITERAL_CONVERSION = YES;
				CLANG_WARN_OBJC_ROOT_CLASS = YES_ERROR;
				CLANG_WARN_RANGE_LOOP_ANALYSIS = YES;
				CLANG_WARN_STRICT_PROTOTYPES = YES;
				CLANG_WARN_SUSPICIOUS_MOVE = YES;
				CLANG_WARN_UNGUARDED_AVAILABILITY = YES_AGGRESSIVE;
				CLANG_WARN_UNREACHABLE_CODE = YES;
				CLANG_WARN__DUPLICATE_METHOD_MATCH = YES;
				CODE_SIGN_IDENTITY = "iPhone Developer";
				COPY_PHASE_STRIP = NO;
				DEBUG_INFORMATION_FORMAT = "dwarf-with-dsym";
				ENABLE_NS_ASSERTIONS = NO;
				ENABLE_STRICT_OBJC_MSGSEND = YES;
				GCC_C_LANGUAGE_STANDARD = gnu11;
				GCC_NO_COMMON_BLOCKS = YES;
				GCC_WARN_64_TO_32_BIT_CONVERSION = YES;
				GCC_WARN_ABOUT_RETURN_TYPE = YES_ERROR;
				GCC_WARN_UNDECLARED_SELECTOR = YES;
				GCC_WARN_UNINITIALIZED_AUTOS = YES_AGGRESSIVE;
				GCC_WARN_UNUSED_FUNCTION = YES;
				GCC_WARN_UNUSED_VARIABLE = YES;
				IPHONEOS_DEPLOYMENT_TARGET = 12.1;
				MTL_ENABLE_DEBUG_INFO = NO;
				MTL_FAST_MATH = YES;
				SDKROOT = iphoneos;
				SWIFT_COMPILATION_MODE = wholemodule;
				SWIFT_OPTIMIZATION_LEVEL = "-O";
				VALIDATE_PRODUCT = YES;
			};
			name = Release;
		};
		A3EFDE0622D6CC2C008B3AED /* Debug */ = {
			isa = XCBuildConfiguration;
			buildSettings = {
				ASSETCATALOG_COMPILER_APPICON_NAME = AppIcon;
				CODE_SIGN_STYLE = Automatic;
				INFOPLIST_FILE = "$(SRCROOT)/Journal/Resources/Info.plist";
				LD_RUNPATH_SEARCH_PATHS = (
					"$(inherited)",
					"@executable_path/Frameworks",
				);
				PRODUCT_BUNDLE_IDENTIFIER = demo.Journal;
				PRODUCT_NAME = "$(TARGET_NAME)";
				SWIFT_VERSION = 4.2;
				TARGETED_DEVICE_FAMILY = "1,2";
			};
			name = Debug;
		};
		A3EFDE0722D6CC2C008B3AED /* Release */ = {
			isa = XCBuildConfiguration;
			buildSettings = {
				ASSETCATALOG_COMPILER_APPICON_NAME = AppIcon;
				CODE_SIGN_STYLE = Automatic;
				INFOPLIST_FILE = "$(SRCROOT)/Journal/Resources/Info.plist";
				LD_RUNPATH_SEARCH_PATHS = (
					"$(inherited)",
					"@executable_path/Frameworks",
				);
				PRODUCT_BUNDLE_IDENTIFIER = demo.Journal;
				PRODUCT_NAME = "$(TARGET_NAME)";
				SWIFT_VERSION = 4.2;
				TARGETED_DEVICE_FAMILY = "1,2";
			};
			name = Release;
		};
/* End XCBuildConfiguration section */

/* Begin XCConfigurationList section */
		A3EFDDEE22D6CC2A008B3AED /* Build configuration list for PBXProject "Journal" */ = {
			isa = XCConfigurationList;
			buildConfigurations = (
				A3EFDE0322D6CC2C008B3AED /* Debug */,
				A3EFDE0422D6CC2C008B3AED /* Release */,
			);
			defaultConfigurationIsVisible = 0;
			defaultConfigurationName = Release;
		};
		A3EFDE0522D6CC2C008B3AED /* Build configuration list for PBXNativeTarget "Journal" */ = {
			isa = XCConfigurationList;
			buildConfigurations = (
				A3EFDE0622D6CC2C008B3AED /* Debug */,
				A3EFDE0722D6CC2C008B3AED /* Release */,
			);
			defaultConfigurationIsVisible = 0;
			defaultConfigurationName = Release;
		};
/* End XCConfigurationList section */

/* Begin XCVersionGroup section */
		A3EFDE1322D6D1CF008B3AED /* Entry.xcdatamodeld */ = {
			isa = XCVersionGroup;
			children = (
				A3EFDE1C22DC0F62008B3AED /* Entry 2.xcdatamodel */,
				A3EFDE1422D6D1CF008B3AED /* Entry.xcdatamodel */,
			);
			currentVersion = A3EFDE1C22DC0F62008B3AED /* Entry 2.xcdatamodel */;
			path = Entry.xcdatamodeld;
			sourceTree = "<group>";
			versionGroupType = wrapper.xcdatamodel;
		};
/* End XCVersionGroup section */
	};
	rootObject = A3EFDDEB22D6CC2A008B3AED /* Project object */;
}
